// !$*UTF8*$!
{
	archiveVersion = 1;
	classes = {
	};
	objectVersion = 48;
	objects = {

/* Begin PBXBuildFile section */
		8477C6CA1FFF8EF7004FBDFF /* AppDelegate.swift in Sources */ = {isa = PBXBuildFile; fileRef = 8477C6C91FFF8EF7004FBDFF /* AppDelegate.swift */; };
		8477C6CC1FFF8EF7004FBDFF /* ViewController.swift in Sources */ = {isa = PBXBuildFile; fileRef = 8477C6CB1FFF8EF7004FBDFF /* ViewController.swift */; };
		8477C6CF1FFF8EF7004FBDFF /* Main.storyboard in Resources */ = {isa = PBXBuildFile; fileRef = 8477C6CD1FFF8EF7004FBDFF /* Main.storyboard */; };
		8477C6D11FFF8EF7004FBDFF /* Assets.xcassets in Resources */ = {isa = PBXBuildFile; fileRef = 8477C6D01FFF8EF7004FBDFF /* Assets.xcassets */; };
		8477C6D41FFF8EF7004FBDFF /* LaunchScreen.storyboard in Resources */ = {isa = PBXBuildFile; fileRef = 8477C6D21FFF8EF7004FBDFF /* LaunchScreen.storyboard */; };
		8477C6DD1FFF8F0A004FBDFF /* CoreLocation.framework in Frameworks */ = {isa = PBXBuildFile; fileRef = 8477C6DC1FFF8F0A004FBDFF /* CoreLocation.framework */; };
/* End PBXBuildFile section */

/* Begin PBXFileReference section */
		8477C6C61FFF8EF7004FBDFF /* LocationAware.app */ = {isa = PBXFileReference; explicitFileType = wrapper.application; includeInIndex = 0; path = LocationAware.app; sourceTree = BUILT_PRODUCTS_DIR; };
		8477C6C91FFF8EF7004FBDFF /* AppDelegate.swift */ = {isa = PBXFileReference; lastKnownFileType = sourcecode.swift; path = AppDelegate.swift; sourceTree = "<group>"; };
		8477C6CB1FFF8EF7004FBDFF /* ViewController.swift */ = {isa = PBXFileReference; lastKnownFileType = sourcecode.swift; path = ViewController.swift; sourceTree = "<group>"; };
		8477C6CE1FFF8EF7004FBDFF /* Base */ = {isa = PBXFileReference; lastKnownFileType = file.storyboard; name = Base; path = Base.lproj/Main.storyboard; sourceTree = "<group>"; };
		8477C6D01FFF8EF7004FBDFF /* Assets.xcassets */ = {isa = PBXFileReference; lastKnownFileType = folder.assetcatalog; path = Assets.xcassets; sourceTree = "<group>"; };
		8477C6D31FFF8EF7004FBDFF /* Base */ = {isa = PBXFileReference; lastKnownFileType = file.storyboard; name = Base; path = Base.lproj/LaunchScreen.storyboard; sourceTree = "<group>"; };
		8477C6D51FFF8EF7004FBDFF /* Info.plist */ = {isa = PBXFileReference; lastKnownFileType = text.plist.xml; path = Info.plist; sourceTree = "<group>"; };
		8477C6DC1FFF8F0A004FBDFF /* CoreLocation.framework */ = {isa = PBXFileReference; lastKnownFileType = wrapper.framework; name = CoreLocation.framework; path = System/Library/Frameworks/CoreLocation.framework; sourceTree = SDKROOT; };
/* End PBXFileReference section */

/* Begin PBXFrameworksBuildPhase section */
		8477C6C31FFF8EF7004FBDFF /* Frameworks */ = {
			isa = PBXFrameworksBuildPhase;
			buildActionMask = 2147483647;
			files = (
				8477C6DD1FFF8F0A004FBDFF /* CoreLocation.framework in Frameworks */,
			);
			runOnlyForDeploymentPostprocessing = 0;
		};
/* End PBXFrameworksBuildPhase section */

/* Begin PBXGroup section */
		8477C6BD1FFF8EF7004FBDFF = {
			isa = PBXGroup;
			children = (
				8477C6C81FFF8EF7004FBDFF /* LocationAware */,
				8477C6C71FFF8EF7004FBDFF /* Products */,
				8477C6DB1FFF8F0A004FBDFF /* Frameworks */,
			);
			sourceTree = "<group>";
		};
		8477C6C71FFF8EF7004FBDFF /* Products */ = {
			isa = PBXGroup;
			children = (
				8477C6C61FFF8EF7004FBDFF /* LocationAware.app */,
			);
			name = Products;
			sourceTree = "<group>";
		};
		8477C6C81FFF8EF7004FBDFF /* LocationAware */ = {
			isa = PBXGroup;
			children = (
				8477C6C91FFF8EF7004FBDFF /* AppDelegate.swift */,
				8477C6CB1FFF8EF7004FBDFF /* ViewController.swift */,
				8477C6CD1FFF8EF7004FBDFF /* Main.storyboard */,
				8477C6D01FFF8EF7004FBDFF /* Assets.xcassets */,
				8477C6D21FFF8EF7004FBDFF /* LaunchScreen.storyboard */,
				8477C6D51FFF8EF7004FBDFF /* Info.plist */,
			);
			path = LocationAware;
			sourceTree = "<group>";
		};
		8477C6DB1FFF8F0A004FBDFF /* Frameworks */ = {
			isa = PBXGroup;
			children = (
				8477C6DC1FFF8F0A004FBDFF /* CoreLocation.framework */,
			);
			name = Frameworks;
			sourceTree = "<group>";
		};
/* End PBXGroup section */

/* Begin PBXNativeTarget section */
		8477C6C51FFF8EF7004FBDFF /* LocationAware */ = {
			isa = PBXNativeTarget;
			buildConfigurationList = 8477C6D81FFF8EF7004FBDFF /* Build configuration list for PBXNativeTarget "LocationAware" */;
			buildPhases = (
				8477C6C21FFF8EF7004FBDFF /* Sources */,
				8477C6C31FFF8EF7004FBDFF /* Frameworks */,
				8477C6C41FFF8EF7004FBDFF /* Resources */,
			);
			buildRules = (
			);
			dependencies = (
			);
			name = LocationAware;
			productName = LocationAware;
			productReference = 8477C6C61FFF8EF7004FBDFF /* LocationAware.app */;
			productType = "com.apple.product-type.application";
		};
/* End PBXNativeTarget section */

/* Begin PBXProject section */
		8477C6BE1FFF8EF7004FBDFF /* Project object */ = {
			isa = PBXProject;
			attributes = {
				LastSwiftUpdateCheck = 0920;
				LastUpgradeCheck = 0940;
				ORGANIZATIONNAME = Josh_Dog101;
				TargetAttributes = {
					8477C6C51FFF8EF7004FBDFF = {
						CreatedOnToolsVersion = 9.2;
						ProvisioningStyle = Automatic;
					};
				};
			};
			buildConfigurationList = 8477C6C11FFF8EF7004FBDFF /* Build configuration list for PBXProject "LocationAware" */;
			compatibilityVersion = "Xcode 8.0";
			developmentRegion = en;
			hasScannedForEncodings = 0;
			knownRegions = (
				en,
				Base,
			);
			mainGroup = 8477C6BD1FFF8EF7004FBDFF;
			productRefGroup = 8477C6C71FFF8EF7004FBDFF /* Products */;
			projectDirPath = "";
			projectRoot = "";
			targets = (
				8477C6C51FFF8EF7004FBDFF /* LocationAware */,
			);
		};
/* End PBXProject section */

/* Begin PBXResourcesBuildPhase section */
		8477C6C41FFF8EF7004FBDFF /* Resources */ = {
			isa = PBXResourcesBuildPhase;
			buildActionMask = 2147483647;
			files = (
				8477C6D41FFF8EF7004FBDFF /* LaunchScreen.storyboard in Resources */,
				8477C6D11FFF8EF7004FBDFF /* Assets.xcassets in Resources */,
				8477C6CF1FFF8EF7004FBDFF /* Main.storyboard in Resources */,
			);
			runOnlyForDeploymentPostprocessing = 0;
		};
/* End PBXResourcesBuildPhase section */

/* Begin PBXSourcesBuildPhase section */
		8477C6C21FFF8EF7004FBDFF /* Sources */ = {
			isa = PBXSourcesBuildPhase;
			buildActionMask = 2147483647;
			files = (
				8477C6CC1FFF8EF7004FBDFF /* ViewController.swift in Sources */,
				8477C6CA1FFF8EF7004FBDFF /* AppDelegate.swift in Sources */,
			);
			runOnlyForDeploymentPostprocessing = 0;
		};
/* End PBXSourcesBuildPhase section */

/* Begin PBXVariantGroup section */
		8477C6CD1FFF8EF7004FBDFF /* Main.storyboard */ = {
			isa = PBXVariantGroup;
			children = (
				8477C6CE1FFF8EF7004FBDFF /* Base */,
			);
			name = Main.storyboard;
			sourceTree = "<group>";
		};
		8477C6D21FFF8EF7004FBDFF /* LaunchScreen.storyboard */ = {
			isa = PBXVariantGroup;
			children = (
				8477C6D31FFF8EF7004FBDFF /* Base */,
			);
			name = LaunchScreen.storyboard;
			sourceTree = "<group>";
		};
/* End PBXVariantGroup section */

/* Begin XCBuildConfiguration section */
		8477C6D61FFF8EF7004FBDFF /* Debug */ = {
			isa = XCBuildConfiguration;
			buildSettings = {
				ALWAYS_SEARCH_USER_PATHS = NO;
				CLANG_ANALYZER_NONNULL = YES;
				CLANG_ANALYZER_NUMBER_OBJECT_CONVERSION = YES_AGGRESSIVE;
				CLANG_CXX_LANGUAGE_STANDARD = "gnu++14";
				CLANG_CXX_LIBRARY = "libc++";
				CLANG_ENABLE_MODULES = YES;
				CLANG_ENABLE_OBJC_ARC = YES;
				CLANG_WARN_BLOCK_CAPTURE_AUTORELEASING = YES;
				CLANG_WARN_BOOL_CONVERSION = YES;
				CLANG_WARN_COMMA = YES;
				CLANG_WARN_CONSTANT_CONVERSION = YES;
				CLANG_WARN_DEPRECATED_OBJC_IMPLEMENTATIONS = YES;
				CLANG_WARN_DIRECT_OBJC_ISA_USAGE = YES_ERROR;
				CLANG_WARN_DOCUMENTATION_COMMENTS = YES;
				CLANG_WARN_EMPTY_BODY = YES;
				CLANG_WARN_ENUM_CONVERSION = YES;
				CLANG_WARN_INFINITE_RECURSION = YES;
				CLANG_WARN_INT_CONVERSION = YES;
				CLANG_WARN_NON_LITERAL_NULL_CONVERSION = YES;
				CLANG_WARN_OBJC_IMPLICIT_RETAIN_SELF = YES;
				CLANG_WARN_OBJC_LITERAL_CONVERSION = YES;
				CLANG_WARN_OBJC_ROOT_CLASS = YES_ERROR;
				CLANG_WARN_RANGE_LOOP_ANALYSIS = YES;
				CLANG_WARN_STRICT_PROTOTYPES = YES;
				CLANG_WARN_SUSPICIOUS_MOVE = YES;
				CLANG_WARN_UNGUARDED_AVAILABILITY = YES_AGGRESSIVE;
				CLANG_WARN_UNREACHABLE_CODE = YES;
				CLANG_WARN__DUPLICATE_METHOD_MATCH = YES;
				CODE_SIGN_IDENTITY = "iPhone Developer";
				COPY_PHASE_STRIP = NO;
				DEBUG_INFORMATION_FORMAT = dwarf;
				ENABLE_STRICT_OBJC_MSGSEND = YES;
				ENABLE_TESTABILITY = YES;
				GCC_C_LANGUAGE_STANDARD = gnu11;
				GCC_DYNAMIC_NO_PIC = NO;
				GCC_NO_COMMON_BLOCKS = YES;
				GCC_OPTIMIZATION_LEVEL = 0;
				GCC_PREPROCESSOR_DEFINITIONS = (
					"DEBUG=1",
					"$(inherited)",
				);
				GCC_WARN_64_TO_32_BIT_CONVERSION = YES;
				GCC_WARN_ABOUT_RETURN_TYPE = YES_ERROR;
				GCC_WARN_UNDECLARED_SELECTOR = YES;
				GCC_WARN_UNINITIALIZED_AUTOS = YES_AGGRESSIVE;
				GCC_WARN_UNUSED_FUNCTION = YES;
				GCC_WARN_UNUSED_VARIABLE = YES;
				IPHONEOS_DEPLOYMENT_TARGET = 11.2;
				MTL_ENABLE_DEBUG_INFO = YES;
				ONLY_ACTIVE_ARCH = YES;
				SDKROOT = iphoneos;
				SWIFT_ACTIVE_COMPILATION_CONDITIONS = DEBUG;
				SWIFT_OPTIMIZATION_LEVEL = "-Onone";
			};
			name = Debug;
		};
		8477C6D71FFF8EF7004FBDFF /* Release */ = {
			isa = XCBuildConfiguration;
			buildSettings = {
				ALWAYS_SEARCH_USER_PATHS = NO;
				CLANG_ANALYZER_NONNULL = YES;
				CLANG_ANALYZER_NUMBER_OBJECT_CONVERSION = YES_AGGRESSIVE;
				CLANG_CXX_LANGUAGE_STANDARD = "gnu++14";
				CLANG_CXX_LIBRARY = "libc++";
				CLANG_ENABLE_MODULES = YES;
				CLANG_ENABLE_OBJC_ARC = YES;
				CLANG_WARN_BLOCK_CAPTURE_AUTORELEASING = YES;
				CLANG_WARN_BOOL_CONVERSION = YES;
				CLANG_WARN_COMMA = YES;
				CLANG_WARN_CONSTANT_CONVERSION = YES;
				CLANG_WARN_DEPRECATED_OBJC_IMPLEMENTATIONS = YES;
				CLANG_WARN_DIRECT_OBJC_ISA_USAGE = YES_ERROR;
				CLANG_WARN_DOCUMENTATION_COMMENTS = YES;
				CLANG_WARN_EMPTY_BODY = YES;
				CLANG_WARN_ENUM_CONVERSION = YES;
				CLANG_WARN_INFINITE_RECURSION = YES;
				CLANG_WARN_INT_CONVERSION = YES;
				CLANG_WARN_NON_LITERAL_NULL_CONVERSION = YES;
				CLANG_WARN_OBJC_IMPLICIT_RETAIN_SELF = YES;
				CLANG_WARN_OBJC_LITERAL_CONVERSION = YES;
				CLANG_WARN_OBJC_ROOT_CLASS = YES_ERROR;
				CLANG_WARN_RANGE_LOOP_ANALYSIS = YES;
				CLANG_WARN_STRICT_PROTOTYPES = YES;
				CLANG_WARN_SUSPICIOUS_MOVE = YES;
				CLANG_WARN_UNGUARDED_AVAILABILITY = YES_AGGRESSIVE;
				CLANG_WARN_UNREACHABLE_CODE = YES;
				CLANG_WARN__DUPLICATE_METHOD_MATCH = YES;
				CODE_SIGN_IDENTITY = "iPhone Developer";
				COPY_PHASE_STRIP = NO;
				DEBUG_INFORMATION_FORMAT = "dwarf-with-dsym";
				ENABLE_NS_ASSERTIONS = NO;
				ENABLE_STRICT_OBJC_MSGSEND = YES;
				GCC_C_LANGUAGE_STANDARD = gnu11;
				GCC_NO_COMMON_BLOCKS = YES;
				GCC_WARN_64_TO_32_BIT_CONVERSION = YES;
				GCC_WARN_ABOUT_RETURN_TYPE = YES_ERROR;
				GCC_WARN_UNDECLARED_SELECTOR = YES;
				GCC_WARN_UNINITIALIZED_AUTOS = YES_AGGRESSIVE;
				GCC_WARN_UNUSED_FUNCTION = YES;
				GCC_WARN_UNUSED_VARIABLE = YES;
				IPHONEOS_DEPLOYMENT_TARGET = 11.2;
				MTL_ENABLE_DEBUG_INFO = NO;
				SDKROOT = iphoneos;
				SWIFT_OPTIMIZATION_LEVEL = "-Owholemodule";
				VALIDATE_PRODUCT = YES;
			};
			name = Release;
		};
		8477C6D91FFF8EF7004FBDFF /* Debug */ = {
			isa = XCBuildConfiguration;
			buildSettings = {
				ASSETCATALOG_COMPILER_APPICON_NAME = AppIcon;
				CODE_SIGN_STYLE = Automatic;
				DEVELOPMENT_TEAM = 9R8UEQ5E5Y;
				INFOPLIST_FILE = LocationAware/Info.plist;
				LD_RUNPATH_SEARCH_PATHS = "$(inherited) @executable_path/Frameworks";
				PRODUCT_BUNDLE_IDENTIFIER = "com.Josh-Dog101.LocationAware";
				PRODUCT_NAME = "$(TARGET_NAME)";
				SWIFT_VERSION = 4.0;
				TARGETED_DEVICE_FAMILY = "1,2";
			};
			name = Debug;
		};
		8477C6DA1FFF8EF7004FBDFF /* Release */ = {
			isa = XCBuildConfiguration;
			buildSettings = {
				ASSETCATALOG_COMPILER_APPICON_NAME = AppIcon;
				CODE_SIGN_STYLE = Automatic;
				DEVELOPMENT_TEAM = 9R8UEQ5E5Y;
				INFOPLIST_FILE = LocationAware/Info.plist;
				LD_RUNPATH_SEARCH_PATHS = "$(inherited) @executable_path/Frameworks";
				PRODUCT_BUNDLE_IDENTIFIER = "com.Josh-Dog101.LocationAware";
				PRODUCT_NAME = "$(TARGET_NAME)";
				SWIFT_VERSION = 4.0;
				TARGETED_DEVICE_FAMILY = "1,2";
			};
			name = Release;
		};
/* End XCBuildConfiguration section */

/* Begin XCConfigurationList section */
		8477C6C11FFF8EF7004FBDFF /* Build configuration list for PBXProject "LocationAware" */ = {
			isa = XCConfigurationList;
			buildConfigurations = (
				8477C6D61FFF8EF7004FBDFF /* Debug */,
				8477C6D71FFF8EF7004FBDFF /* Release */,
			);
			defaultConfigurationIsVisible = 0;
			defaultConfigurationName = Release;
		};
		8477C6D81FFF8EF7004FBDFF /* Build configuration list for PBXNativeTarget "LocationAware" */ = {
			isa = XCConfigurationList;
			buildConfigurations = (
				8477C6D91FFF8EF7004FBDFF /* Debug */,
				8477C6DA1FFF8EF7004FBDFF /* Release */,
			);
			defaultConfigurationIsVisible = 0;
			defaultConfigurationName = Release;
		};
/* End XCConfigurationList section */
	};
	rootObject = 8477C6BE1FFF8EF7004FBDFF /* Project object */;
}
